
Microsoft Visual Studio Solution File, Format Version 12.00
# Visual Studio 15
VisualStudioVersion = 15.0.33026.149
MinimumVisualStudioVersion = 10.0.40219.1
Project("{8BC9CEB8-8B4A-11D0-8D11-00A0C91BC942}") = "fflocalplayersdk", "fflocalplayersdk\fflocalplayersdk.vcxproj", "{B4389D63-3716-4825-8AE3-F7555DB6E41F}"
EndProject
Global
	GlobalSection(SolutionConfigurationPlatforms) = preSolution
		Debug|x64 = Debug|x64
		Debug|x86 = Debug|x86
		Release|x64 = Release|x64
		Release|x86 = Release|x86
	EndGlobalSection
	GlobalSection(ProjectConfigurationPlatforms) = postSolution
		{B4389D63-3716-4825-8AE3-F7555DB6E41F}.Debug|x64.ActiveCfg = Debug|x64
		{B4389D63-3716-4825-8AE3-F7555DB6E41F}.Debug|x64.Build.0 = Debug|x64
		{B4389D63-3716-4825-8AE3-F7555DB6E41F}.Debug|x86.ActiveCfg = Debug|Win32
		{B4389D63-3716-4825-8AE3-F7555DB6E41F}.Debug|x86.Build.0 = Debug|Win32
		{B4389D63-3716-4825-8AE3-F7555DB6E41F}.Release|x64.ActiveCfg = Release|x64
		{B4389D63-3716-4825-8AE3-F7555DB6E41F}.Release|x64.Build.0 = Release|x64
		{B4389D63-3716-4825-8AE3-F7555DB6E41F}.Release|x86.ActiveCfg = Release|Win32
		{B4389D63-3716-4825-8AE3-F7555DB6E41F}.Release|x86.Build.0 = Release|Win32
	EndGlobalSection
	GlobalSection(SolutionProperties) = preSolution
		HideSolutionNode = FALSE
	EndGlobalSection
	GlobalSection(ExtensibilityGlobals) = postSolution
		SolutionGuid = {3BA45405-EB94-4991-B2B7-1FA7651C3829}
	EndGlobalSection
EndGlobal
